
Microsoft Visual Studio Solution File, Format Version 12.00
# Visual Studio 15
VisualStudioVersion = 15.0.27004.2005
MinimumVisualStudioVersion = 10.0.40219.1
Project("{FAE04EC0-301F-11D3-BF4B-00C04F79EFBC}") = "CSharpLibrary", "CSharpLibrary\CSharpLibrary.csproj", "{9F31D27E-F3A9-48EA-988C-FEFBE05064CB}"
EndProject
Project("{FAE04EC0-301F-11D3-BF4B-00C04F79EFBC}") = "0.01_Intro", "0.01_Intro\0.01_Intro.csproj", "{90CDE749-CA22-4CD3-A5C3-BCE0788F4022}"
EndProject
Project("{FAE04EC0-301F-11D3-BF4B-00C04F79EFBC}") = "0.02_BasicTypes", "0.002_BasicTypes\0.02_BasicTypes.csproj", "{4637AC9C-6780-479E-8C35-6304EC189F03}"
EndProject
Project("{FAE04EC0-301F-11D3-BF4B-00C04F79EFBC}") = "0.02_BasicTypesChallenges", "0.02_BasicTypesChallenges\0.02_BasicTypesChallenges.csproj", "{393C3A6D-9570-48D6-8EDB-6DF4A02255E6}"
EndProject
Project("{FAE04EC0-301F-11D3-BF4B-00C04F79EFBC}") = "0.03_Strings", "0.03_Strings\0.03_Strings.csproj", "{851F64A4-2B96-404F-B0AF-F813355548B0}"
EndProject
Project("{FAE04EC0-301F-11D3-BF4B-00C04F79EFBC}") = "0.03_StringsChallenges", "0.03_StringsChallenges\0.03_StringsChallenges.csproj", "{E8711463-DAC5-423E-A0D2-30DA03CCF0FF}"
EndProject
Project("{FAE04EC0-301F-11D3-BF4B-00C04F79EFBC}") = "0.04_Conditionals", "0.04_Conditionals\0.04_Conditionals.csproj", "{6C11A54A-982E-468B-9A04-E677DB583379}"
EndProject
Project("{FAE04EC0-301F-11D3-BF4B-00C04F79EFBC}") = "0.05_SwitchCase", "0.05_SwitchCase\0.05_SwitchCase.csproj", "{4374CC94-4D8B-466C-B37B-F1FE2F42F978}"
EndProject
Project("{FAE04EC0-301F-11D3-BF4B-00C04F79EFBC}") = "0.06_ForLoops", "0.06_ForLoops\0.06_ForLoops.csproj", "{EADBFDFB-DB43-4C39-9151-6D13578156AA}"
EndProject
Project("{FAE04EC0-301F-11D3-BF4B-00C04F79EFBC}") = "0.07_Objects", "0.07_Objects\0.07_Objects.csproj", "{1A2D4ABD-E0A1-4647-9443-947E670F4583}"
EndProject
Project("{FAE04EC0-301F-11D3-BF4B-00C04F79EFBC}") = "0.07_ObjectsChallenges", "0.07_ObjectsChallenges\0.07_ObjectsChallenges.csproj", "{7263D2E3-E7F6-417D-9BF2-C0CAED314548}"
EndProject
Project("{FAE04EC0-301F-11D3-BF4B-00C04F79EFBC}") = "0.08_CollectionsArrays", "0.08_Arrays\0.08_CollectionsArrays.csproj", "{6471C70B-59FE-4E6E-802F-787E439B887E}"
EndProject
Project("{FAE04EC0-301F-11D3-BF4B-00C04F79EFBC}") = "0.08_CollectionsDictionaries", "0.08_CollectionsDictionarys\0.08_CollectionsDictionaries.csproj", "{ED9492EC-1430-42AA-9127-8C11BFD5EC5C}"
EndProject
Project("{FAE04EC0-301F-11D3-BF4B-00C04F79EFBC}") = "0.09_Constructors", "0.09_Constructors\0.09_Constructors.csproj", "{8C80FD0E-D245-4E09-B02A-3D725B295D3B}"
EndProject
Project("{FAE04EC0-301F-11D3-BF4B-00C04F79EFBC}") = "0.09_ConstructorsChallenges", "0.09_ConstructorsChallenges\0.09_ConstructorsChallenges.csproj", "{BDB089C6-E342-4C8D-BBE7-4C53CD9C9747}"
EndProject
Project("{FAE04EC0-301F-11D3-BF4B-00C04F79EFBC}") = "0.10_OOPGame", "0.10_OOPGame\0.10_OOPGame.csproj", "{2F44F67C-0A7D-4201-A852-5D167583A8DF}"
EndProject
Project("{FAE04EC0-301F-11D3-BF4B-00C04F79EFBC}") = "0.11_OOPGameBuildAlong", "0.11_OOPGameBuildAlong\0.11_OOPGameBuildAlong.csproj", "{0C4AFFAB-B449-4068-AD82-44C49B4B8A44}"
EndProject
Project("{FAE04EC0-301F-11D3-BF4B-00C04F79EFBC}") = "0.12_MethodsOverloading", "0.12_MethodsOverloading\0.12_MethodsOverloading.csproj", "{7F0EBD54-BA14-4772-9D57-316DE90D94AE}"
EndProject
Project("{FAE04EC0-301F-11D3-BF4B-00C04F79EFBC}") = "0.13_GettersSetters", "0.13_GettersSetters\0.13_GettersSetters.csproj", "{EBBE8EC1-06B8-4BDF-82A2-BA083C456C69}"
EndProject
Project("{FAE04EC0-301F-11D3-BF4B-00C04F79EFBC}") = "0.14_Override", "0.14_Override\0.14_Override.csproj", "{A383BA36-616D-491F-81D3-97B9CF9A4A50}"
EndProject
Project("{FAE04EC0-301F-11D3-BF4B-00C04F79EFBC}") = "0.15_Linq", "0.15_Linq\0.15_Linq.csproj", "{F83BCF0E-2DB3-423A-9441-47E767636039}"
EndProject
Project("{FAE04EC0-301F-11D3-BF4B-00C04F79EFBC}") = "0.16_QuizOne", "0.16_QuizOne\0.16_QuizOne.csproj", "{1F107E1C-DAB3-4580-9954-FD561540F733}"
EndProject
Global
	GlobalSection(SolutionConfigurationPlatforms) = preSolution
		Debug|Any CPU = Debug|Any CPU
		Release|Any CPU = Release|Any CPU
	EndGlobalSection
	GlobalSection(ProjectConfigurationPlatforms) = postSolution
		{9F31D27E-F3A9-48EA-988C-FEFBE05064CB}.Debug|Any CPU.ActiveCfg = Debug|Any CPU
		{9F31D27E-F3A9-48EA-988C-FEFBE05064CB}.Debug|Any CPU.Build.0 = Debug|Any CPU
		{9F31D27E-F3A9-48EA-988C-FEFBE05064CB}.Release|Any CPU.ActiveCfg = Release|Any CPU
		{9F31D27E-F3A9-48EA-988C-FEFBE05064CB}.Release|Any CPU.Build.0 = Release|Any CPU
		{90CDE749-CA22-4CD3-A5C3-BCE0788F4022}.Debug|Any CPU.ActiveCfg = Debug|Any CPU
		{90CDE749-CA22-4CD3-A5C3-BCE0788F4022}.Debug|Any CPU.Build.0 = Debug|Any CPU
		{90CDE749-CA22-4CD3-A5C3-BCE0788F4022}.Release|Any CPU.ActiveCfg = Release|Any CPU
		{90CDE749-CA22-4CD3-A5C3-BCE0788F4022}.Release|Any CPU.Build.0 = Release|Any CPU
		{4637AC9C-6780-479E-8C35-6304EC189F03}.Debug|Any CPU.ActiveCfg = Debug|Any CPU
		{4637AC9C-6780-479E-8C35-6304EC189F03}.Debug|Any CPU.Build.0 = Debug|Any CPU
		{4637AC9C-6780-479E-8C35-6304EC189F03}.Release|Any CPU.ActiveCfg = Release|Any CPU
		{4637AC9C-6780-479E-8C35-6304EC189F03}.Release|Any CPU.Build.0 = Release|Any CPU
		{393C3A6D-9570-48D6-8EDB-6DF4A02255E6}.Debug|Any CPU.ActiveCfg = Debug|Any CPU
		{393C3A6D-9570-48D6-8EDB-6DF4A02255E6}.Debug|Any CPU.Build.0 = Debug|Any CPU
		{393C3A6D-9570-48D6-8EDB-6DF4A02255E6}.Release|Any CPU.ActiveCfg = Release|Any CPU
		{393C3A6D-9570-48D6-8EDB-6DF4A02255E6}.Release|Any CPU.Build.0 = Release|Any CPU
		{851F64A4-2B96-404F-B0AF-F813355548B0}.Debug|Any CPU.ActiveCfg = Debug|Any CPU
		{851F64A4-2B96-404F-B0AF-F813355548B0}.Debug|Any CPU.Build.0 = Debug|Any CPU
		{851F64A4-2B96-404F-B0AF-F813355548B0}.Release|Any CPU.ActiveCfg = Release|Any CPU
		{851F64A4-2B96-404F-B0AF-F813355548B0}.Release|Any CPU.Build.0 = Release|Any CPU
		{E8711463-DAC5-423E-A0D2-30DA03CCF0FF}.Debug|Any CPU.ActiveCfg = Debug|Any CPU
		{E8711463-DAC5-423E-A0D2-30DA03CCF0FF}.Debug|Any CPU.Build.0 = Debug|Any CPU
		{E8711463-DAC5-423E-A0D2-30DA03CCF0FF}.Release|Any CPU.ActiveCfg = Release|Any CPU
		{E8711463-DAC5-423E-A0D2-30DA03CCF0FF}.Release|Any CPU.Build.0 = Release|Any CPU
		{6C11A54A-982E-468B-9A04-E677DB583379}.Debug|Any CPU.ActiveCfg = Debug|Any CPU
		{6C11A54A-982E-468B-9A04-E677DB583379}.Debug|Any CPU.Build.0 = Debug|Any CPU
		{6C11A54A-982E-468B-9A04-E677DB583379}.Release|Any CPU.ActiveCfg = Release|Any CPU
		{6C11A54A-982E-468B-9A04-E677DB583379}.Release|Any CPU.Build.0 = Release|Any CPU
		{4374CC94-4D8B-466C-B37B-F1FE2F42F978}.Debug|Any CPU.ActiveCfg = Debug|Any CPU
		{4374CC94-4D8B-466C-B37B-F1FE2F42F978}.Debug|Any CPU.Build.0 = Debug|Any CPU
		{4374CC94-4D8B-466C-B37B-F1FE2F42F978}.Release|Any CPU.ActiveCfg = Release|Any CPU
		{4374CC94-4D8B-466C-B37B-F1FE2F42F978}.Release|Any CPU.Build.0 = Release|Any CPU
		{EADBFDFB-DB43-4C39-9151-6D13578156AA}.Debug|Any CPU.ActiveCfg = Debug|Any CPU
		{EADBFDFB-DB43-4C39-9151-6D13578156AA}.Debug|Any CPU.Build.0 = Debug|Any CPU
		{EADBFDFB-DB43-4C39-9151-6D13578156AA}.Release|Any CPU.ActiveCfg = Release|Any CPU
		{EADBFDFB-DB43-4C39-9151-6D13578156AA}.Release|Any CPU.Build.0 = Release|Any CPU
		{1A2D4ABD-E0A1-4647-9443-947E670F4583}.Debug|Any CPU.ActiveCfg = Debug|Any CPU
		{1A2D4ABD-E0A1-4647-9443-947E670F4583}.Debug|Any CPU.Build.0 = Debug|Any CPU
		{1A2D4ABD-E0A1-4647-9443-947E670F4583}.Release|Any CPU.ActiveCfg = Release|Any CPU
		{1A2D4ABD-E0A1-4647-9443-947E670F4583}.Release|Any CPU.Build.0 = Release|Any CPU
		{7263D2E3-E7F6-417D-9BF2-C0CAED314548}.Debug|Any CPU.ActiveCfg = Debug|Any CPU
		{7263D2E3-E7F6-417D-9BF2-C0CAED314548}.Debug|Any CPU.Build.0 = Debug|Any CPU
		{7263D2E3-E7F6-417D-9BF2-C0CAED314548}.Release|Any CPU.ActiveCfg = Release|Any CPU
		{7263D2E3-E7F6-417D-9BF2-C0CAED314548}.Release|Any CPU.Build.0 = Release|Any CPU
		{6471C70B-59FE-4E6E-802F-787E439B887E}.Debug|Any CPU.ActiveCfg = Debug|Any CPU
		{6471C70B-59FE-4E6E-802F-787E439B887E}.Debug|Any CPU.Build.0 = Debug|Any CPU
		{6471C70B-59FE-4E6E-802F-787E439B887E}.Release|Any CPU.ActiveCfg = Release|Any CPU
		{6471C70B-59FE-4E6E-802F-787E439B887E}.Release|Any CPU.Build.0 = Release|Any CPU
		{ED9492EC-1430-42AA-9127-8C11BFD5EC5C}.Debug|Any CPU.ActiveCfg = Debug|Any CPU
		{ED9492EC-1430-42AA-9127-8C11BFD5EC5C}.Debug|Any CPU.Build.0 = Debug|Any CPU
		{ED9492EC-1430-42AA-9127-8C11BFD5EC5C}.Release|Any CPU.ActiveCfg = Release|Any CPU
		{ED9492EC-1430-42AA-9127-8C11BFD5EC5C}.Release|Any CPU.Build.0 = Release|Any CPU
		{8C80FD0E-D245-4E09-B02A-3D725B295D3B}.Debug|Any CPU.ActiveCfg = Debug|Any CPU
		{8C80FD0E-D245-4E09-B02A-3D725B295D3B}.Debug|Any CPU.Build.0 = Debug|Any CPU
		{8C80FD0E-D245-4E09-B02A-3D725B295D3B}.Release|Any CPU.ActiveCfg = Release|Any CPU
		{8C80FD0E-D245-4E09-B02A-3D725B295D3B}.Release|Any CPU.Build.0 = Release|Any CPU
		{BDB089C6-E342-4C8D-BBE7-4C53CD9C9747}.Debug|Any CPU.ActiveCfg = Debug|Any CPU
		{BDB089C6-E342-4C8D-BBE7-4C53CD9C9747}.Debug|Any CPU.Build.0 = Debug|Any CPU
		{BDB089C6-E342-4C8D-BBE7-4C53CD9C9747}.Release|Any CPU.ActiveCfg = Release|Any CPU
		{BDB089C6-E342-4C8D-BBE7-4C53CD9C9747}.Release|Any CPU.Build.0 = Release|Any CPU
		{2F44F67C-0A7D-4201-A852-5D167583A8DF}.Debug|Any CPU.ActiveCfg = Debug|Any CPU
		{2F44F67C-0A7D-4201-A852-5D167583A8DF}.Debug|Any CPU.Build.0 = Debug|Any CPU
		{2F44F67C-0A7D-4201-A852-5D167583A8DF}.Release|Any CPU.ActiveCfg = Release|Any CPU
		{2F44F67C-0A7D-4201-A852-5D167583A8DF}.Release|Any CPU.Build.0 = Release|Any CPU
		{0C4AFFAB-B449-4068-AD82-44C49B4B8A44}.Debug|Any CPU.ActiveCfg = Debug|Any CPU
		{0C4AFFAB-B449-4068-AD82-44C49B4B8A44}.Debug|Any CPU.Build.0 = Debug|Any CPU
		{0C4AFFAB-B449-4068-AD82-44C49B4B8A44}.Release|Any CPU.ActiveCfg = Release|Any CPU
		{0C4AFFAB-B449-4068-AD82-44C49B4B8A44}.Release|Any CPU.Build.0 = Release|Any CPU
		{7F0EBD54-BA14-4772-9D57-316DE90D94AE}.Debug|Any CPU.ActiveCfg = Debug|Any CPU
		{7F0EBD54-BA14-4772-9D57-316DE90D94AE}.Debug|Any CPU.Build.0 = Debug|Any CPU
		{7F0EBD54-BA14-4772-9D57-316DE90D94AE}.Release|Any CPU.ActiveCfg = Release|Any CPU
		{7F0EBD54-BA14-4772-9D57-316DE90D94AE}.Release|Any CPU.Build.0 = Release|Any CPU
		{EBBE8EC1-06B8-4BDF-82A2-BA083C456C69}.Debug|Any CPU.ActiveCfg = Debug|Any CPU
		{EBBE8EC1-06B8-4BDF-82A2-BA083C456C69}.Debug|Any CPU.Build.0 = Debug|Any CPU
		{EBBE8EC1-06B8-4BDF-82A2-BA083C456C69}.Release|Any CPU.ActiveCfg = Release|Any CPU
		{EBBE8EC1-06B8-4BDF-82A2-BA083C456C69}.Release|Any CPU.Build.0 = Release|Any CPU
		{A383BA36-616D-491F-81D3-97B9CF9A4A50}.Debug|Any CPU.ActiveCfg = Debug|Any CPU
		{A383BA36-616D-491F-81D3-97B9CF9A4A50}.Debug|Any CPU.Build.0 = Debug|Any CPU
		{A383BA36-616D-491F-81D3-97B9CF9A4A50}.Release|Any CPU.ActiveCfg = Release|Any CPU
		{A383BA36-616D-491F-81D3-97B9CF9A4A50}.Release|Any CPU.Build.0 = Release|Any CPU
		{F83BCF0E-2DB3-423A-9441-47E767636039}.Debug|Any CPU.ActiveCfg = Debug|Any CPU
		{F83BCF0E-2DB3-423A-9441-47E767636039}.Debug|Any CPU.Build.0 = Debug|Any CPU
		{F83BCF0E-2DB3-423A-9441-47E767636039}.Release|Any CPU.ActiveCfg = Release|Any CPU
		{F83BCF0E-2DB3-423A-9441-47E767636039}.Release|Any CPU.Build.0 = Release|Any CPU
		{1F107E1C-DAB3-4580-9954-FD561540F733}.Debug|Any CPU.ActiveCfg = Debug|Any CPU
		{1F107E1C-DAB3-4580-9954-FD561540F733}.Debug|Any CPU.Build.0 = Debug|Any CPU
		{1F107E1C-DAB3-4580-9954-FD561540F733}.Release|Any CPU.ActiveCfg = Release|Any CPU
		{1F107E1C-DAB3-4580-9954-FD561540F733}.Release|Any CPU.Build.0 = Release|Any CPU
	EndGlobalSection
	GlobalSection(SolutionProperties) = preSolution
		HideSolutionNode = FALSE
	EndGlobalSection
	GlobalSection(ExtensibilityGlobals) = postSolution
		SolutionGuid = {B9870280-EB16-4ABC-B6A1-82FC2054620D}
	EndGlobalSection
EndGlobal
